
Microsoft Visual Studio Solution File, Format Version 12.00
# Visual Studio Version 17
VisualStudioVersion = 17.1.32228.430
MinimumVisualStudioVersion = 10.0.40219.1
Project("{9A19103F-16F7-4668-BE54-9A1E7A4F7556}") = "FinalTask", "FinalTask\FinalTask.csproj", "{577663B9-DE54-4906-B47D-516A9A4D1C81}"
EndProject
Global
	GlobalSection(SolutionConfigurationPlatforms) = preSolution
		Debug|Any CPU = Debug|Any CPU
		Release|Any CPU = Release|Any CPU
	EndGlobalSection
	GlobalSection(ProjectConfigurationPlatforms) = postSolution
		{577663B9-DE54-4906-B47D-516A9A4D1C81}.Debug|Any CPU.ActiveCfg = Debug|Any CPU
		{577663B9-DE54-4906-B47D-516A9A4D1C81}.Debug|Any CPU.Build.0 = Debug|Any CPU
		{577663B9-DE54-4906-B47D-516A9A4D1C81}.Release|Any CPU.ActiveCfg = Release|Any CPU
		{577663B9-DE54-4906-B47D-516A9A4D1C81}.Release|Any CPU.Build.0 = Release|Any CPU
	EndGlobalSection
	GlobalSection(SolutionProperties) = preSolution
		HideSolutionNode = FALSE
	EndGlobalSection
	GlobalSection(ExtensibilityGlobals) = postSolution
		SolutionGuid = {8AA1B967-BDCF-4082-B2D1-777EA66EFA70}
	EndGlobalSection
EndGlobal
